// !$*UTF8*$!
{
	archiveVersion = 1;
	classes = {
	};
	objectVersion = 46;
	objects = {

/* Begin PBXBuildFile section */
		A893E8481C69E55D0005DF70 /* main.m in Sources */ = {isa = PBXBuildFile; fileRef = A893E8471C69E55D0005DF70 /* main.m */; };
		A893E84B1C69E55D0005DF70 /* AppDelegate.m in Sources */ = {isa = PBXBuildFile; fileRef = A893E84A1C69E55D0005DF70 /* AppDelegate.m */; };
		A893E84E1C69E55D0005DF70 /* ViewController.m in Sources */ = {isa = PBXBuildFile; fileRef = A893E84D1C69E55D0005DF70 /* ViewController.m */; };
		A893E8511C69E55D0005DF70 /* Main.storyboard in Resources */ = {isa = PBXBuildFile; fileRef = A893E84F1C69E55D0005DF70 /* Main.storyboard */; };
		A893E8531C69E55D0005DF70 /* Assets.xcassets in Resources */ = {isa = PBXBuildFile; fileRef = A893E8521C69E55D0005DF70 /* Assets.xcassets */; };
		A893E8561C69E55D0005DF70 /* LaunchScreen.storyboard in Resources */ = {isa = PBXBuildFile; fileRef = A893E8541C69E55D0005DF70 /* LaunchScreen.storyboard */; };
		A893E8641C69E5790005DF70 /* Bolts.framework in Frameworks */ = {isa = PBXBuildFile; fileRef = A893E85E1C69E5790005DF70 /* Bolts.framework */; };
		A893E8651C69E5790005DF70 /* Parse.framework in Frameworks */ = {isa = PBXBuildFile; fileRef = A893E85F1C69E5790005DF70 /* Parse.framework */; };
		A893E8661C69E5790005DF70 /* ParseFacebookUtils.framework in Frameworks */ = {isa = PBXBuildFile; fileRef = A893E8601C69E5790005DF70 /* ParseFacebookUtils.framework */; };
		A893E8671C69E5790005DF70 /* ParseFacebookUtilsV4.framework in Frameworks */ = {isa = PBXBuildFile; fileRef = A893E8611C69E5790005DF70 /* ParseFacebookUtilsV4.framework */; };
		A893E8681C69E5790005DF70 /* ParseTwitterUtils.framework in Frameworks */ = {isa = PBXBuildFile; fileRef = A893E8621C69E5790005DF70 /* ParseTwitterUtils.framework */; };
		A893E8691C69E5790005DF70 /* ParseUI.framework in Frameworks */ = {isa = PBXBuildFile; fileRef = A893E8631C69E5790005DF70 /* ParseUI.framework */; };
		A893E86B1C69E65C0005DF70 /* SystemConfiguration.framework in Frameworks */ = {isa = PBXBuildFile; fileRef = A893E86A1C69E65C0005DF70 /* SystemConfiguration.framework */; };
		A893E86D1C69E7650005DF70 /* AudioToolbox.framework in Frameworks */ = {isa = PBXBuildFile; fileRef = A893E86C1C69E7650005DF70 /* AudioToolbox.framework */; };
		A893E86F1C69E7690005DF70 /* CFNetwork.framework in Frameworks */ = {isa = PBXBuildFile; fileRef = A893E86E1C69E7690005DF70 /* CFNetwork.framework */; };
		A893E8711C69E76F0005DF70 /* CoreGraphics.framework in Frameworks */ = {isa = PBXBuildFile; fileRef = A893E8701C69E76F0005DF70 /* CoreGraphics.framework */; };
		A893E8731C69E7780005DF70 /* CoreLocation.framework in Frameworks */ = {isa = PBXBuildFile; fileRef = A893E8721C69E7770005DF70 /* CoreLocation.framework */; };
		A893E8751C69E77D0005DF70 /* QuartzCore.framework in Frameworks */ = {isa = PBXBuildFile; fileRef = A893E8741C69E77D0005DF70 /* QuartzCore.framework */; };
		A893E8771C69E7BF0005DF70 /* Security.framework in Frameworks */ = {isa = PBXBuildFile; fileRef = A893E8761C69E7BF0005DF70 /* Security.framework */; };
		A893E8791C69E7C50005DF70 /* StoreKit.framework in Frameworks */ = {isa = PBXBuildFile; fileRef = A893E8781C69E7C50005DF70 /* StoreKit.framework */; };
		A893E87B1C69E7D10005DF70 /* libz.1.1.3.tbd in Frameworks */ = {isa = PBXBuildFile; fileRef = A893E87A1C69E7D10005DF70 /* libz.1.1.3.tbd */; };
		A893E87D1C69E7D60005DF70 /* libsqlite3.0.tbd in Frameworks */ = {isa = PBXBuildFile; fileRef = A893E87C1C69E7D60005DF70 /* libsqlite3.0.tbd */; };
/* End PBXBuildFile section */

/* Begin PBXFileReference section */
		A893E8431C69E55D0005DF70 /* PushNotifications Objective C.app */ = {isa = PBXFileReference; explicitFileType = wrapper.application; includeInIndex = 0; path = "PushNotifications Objective C.app"; sourceTree = BUILT_PRODUCTS_DIR; };
		A893E8471C69E55D0005DF70 /* main.m */ = {isa = PBXFileReference; lastKnownFileType = sourcecode.c.objc; path = main.m; sourceTree = "<group>"; };
		A893E8491C69E55D0005DF70 /* AppDelegate.h */ = {isa = PBXFileReference; lastKnownFileType = sourcecode.c.h; path = AppDelegate.h; sourceTree = "<group>"; };
		A893E84A1C69E55D0005DF70 /* AppDelegate.m */ = {isa = PBXFileReference; lastKnownFileType = sourcecode.c.objc; path = AppDelegate.m; sourceTree = "<group>"; };
		A893E84C1C69E55D0005DF70 /* ViewController.h */ = {isa = PBXFileReference; lastKnownFileType = sourcecode.c.h; path = ViewController.h; sourceTree = "<group>"; };
		A893E84D1C69E55D0005DF70 /* ViewController.m */ = {isa = PBXFileReference; lastKnownFileType = sourcecode.c.objc; path = ViewController.m; sourceTree = "<group>"; };
		A893E8501C69E55D0005DF70 /* Base */ = {isa = PBXFileReference; lastKnownFileType = file.storyboard; name = Base; path = Base.lproj/Main.storyboard; sourceTree = "<group>"; };
		A893E8521C69E55D0005DF70 /* Assets.xcassets */ = {isa = PBXFileReference; lastKnownFileType = folder.assetcatalog; path = Assets.xcassets; sourceTree = "<group>"; };
		A893E8551C69E55D0005DF70 /* Base */ = {isa = PBXFileReference; lastKnownFileType = file.storyboard; name = Base; path = Base.lproj/LaunchScreen.storyboard; sourceTree = "<group>"; };
		A893E8571C69E55D0005DF70 /* Info.plist */ = {isa = PBXFileReference; lastKnownFileType = text.plist.xml; path = Info.plist; sourceTree = "<group>"; };
		A893E85E1C69E5790005DF70 /* Bolts.framework */ = {isa = PBXFileReference; lastKnownFileType = wrapper.framework; path = Bolts.framework; sourceTree = "<group>"; };
		A893E85F1C69E5790005DF70 /* Parse.framework */ = {isa = PBXFileReference; lastKnownFileType = wrapper.framework; path = Parse.framework; sourceTree = "<group>"; };
		A893E8601C69E5790005DF70 /* ParseFacebookUtils.framework */ = {isa = PBXFileReference; lastKnownFileType = wrapper.framework; path = ParseFacebookUtils.framework; sourceTree = "<group>"; };
		A893E8611C69E5790005DF70 /* ParseFacebookUtilsV4.framework */ = {isa = PBXFileReference; lastKnownFileType = wrapper.framework; path = ParseFacebookUtilsV4.framework; sourceTree = "<group>"; };
		A893E8621C69E5790005DF70 /* ParseTwitterUtils.framework */ = {isa = PBXFileReference; lastKnownFileType = wrapper.framework; path = ParseTwitterUtils.framework; sourceTree = "<group>"; };
		A893E8631C69E5790005DF70 /* ParseUI.framework */ = {isa = PBXFileReference; lastKnownFileType = wrapper.framework; path = ParseUI.framework; sourceTree = "<group>"; };
		A893E86A1C69E65C0005DF70 /* SystemConfiguration.framework */ = {isa = PBXFileReference; lastKnownFileType = wrapper.framework; name = SystemConfiguration.framework; path = System/Library/Frameworks/SystemConfiguration.framework; sourceTree = SDKROOT; };
		A893E86C1C69E7650005DF70 /* AudioToolbox.framework */ = {isa = PBXFileReference; lastKnownFileType = wrapper.framework; name = AudioToolbox.framework; path = System/Library/Frameworks/AudioToolbox.framework; sourceTree = SDKROOT; };
		A893E86E1C69E7690005DF70 /* CFNetwork.framework */ = {isa = PBXFileReference; lastKnownFileType = wrapper.framework; name = CFNetwork.framework; path = System/Library/Frameworks/CFNetwork.framework; sourceTree = SDKROOT; };
		A893E8701C69E76F0005DF70 /* CoreGraphics.framework */ = {isa = PBXFileReference; lastKnownFileType = wrapper.framework; name = CoreGraphics.framework; path = System/Library/Frameworks/CoreGraphics.framework; sourceTree = SDKROOT; };
		A893E8721C69E7770005DF70 /* CoreLocation.framework */ = {isa = PBXFileReference; lastKnownFileType = wrapper.framework; name = CoreLocation.framework; path = System/Library/Frameworks/CoreLocation.framework; sourceTree = SDKROOT; };
		A893E8741C69E77D0005DF70 /* QuartzCore.framework */ = {isa = PBXFileReference; lastKnownFileType = wrapper.framework; name = QuartzCore.framework; path = System/Library/Frameworks/QuartzCore.framework; sourceTree = SDKROOT; };
		A893E8761C69E7BF0005DF70 /* Security.framework */ = {isa = PBXFileReference; lastKnownFileType = wrapper.framework; name = Security.framework; path = System/Library/Frameworks/Security.framework; sourceTree = SDKROOT; };
		A893E8781C69E7C50005DF70 /* StoreKit.framework */ = {isa = PBXFileReference; lastKnownFileType = wrapper.framework; name = StoreKit.framework; path = System/Library/Frameworks/StoreKit.framework; sourceTree = SDKROOT; };
		A893E87A1C69E7D10005DF70 /* libz.1.1.3.tbd */ = {isa = PBXFileReference; lastKnownFileType = "sourcecode.text-based-dylib-definition"; name = libz.1.1.3.tbd; path = usr/lib/libz.1.1.3.tbd; sourceTree = SDKROOT; };
		A893E87C1C69E7D60005DF70 /* libsqlite3.0.tbd */ = {isa = PBXFileReference; lastKnownFileType = "sourcecode.text-based-dylib-definition"; name = libsqlite3.0.tbd; path = usr/lib/libsqlite3.0.tbd; sourceTree = SDKROOT; };
/* End PBXFileReference section */

/* Begin PBXFrameworksBuildPhase section */
		A893E8401C69E55D0005DF70 /* Frameworks */ = {
			isa = PBXFrameworksBuildPhase;
			buildActionMask = 2147483647;
			files = (
				A893E87D1C69E7D60005DF70 /* libsqlite3.0.tbd in Frameworks */,
				A893E87B1C69E7D10005DF70 /* libz.1.1.3.tbd in Frameworks */,
				A893E86B1C69E65C0005DF70 /* SystemConfiguration.framework in Frameworks */,
				A893E8791C69E7C50005DF70 /* StoreKit.framework in Frameworks */,
				A893E8771C69E7BF0005DF70 /* Security.framework in Frameworks */,
				A893E8751C69E77D0005DF70 /* QuartzCore.framework in Frameworks */,
				A893E8731C69E7780005DF70 /* CoreLocation.framework in Frameworks */,
				A893E8711C69E76F0005DF70 /* CoreGraphics.framework in Frameworks */,
				A893E86F1C69E7690005DF70 /* CFNetwork.framework in Frameworks */,
				A893E86D1C69E7650005DF70 /* AudioToolbox.framework in Frameworks */,
				A893E8691C69E5790005DF70 /* ParseUI.framework in Frameworks */,
				A893E8651C69E5790005DF70 /* Parse.framework in Frameworks */,
				A893E8641C69E5790005DF70 /* Bolts.framework in Frameworks */,
				A893E8671C69E5790005DF70 /* ParseFacebookUtilsV4.framework in Frameworks */,
				A893E8661C69E5790005DF70 /* ParseFacebookUtils.framework in Frameworks */,
				A893E8681C69E5790005DF70 /* ParseTwitterUtils.framework in Frameworks */,
			);
			runOnlyForDeploymentPostprocessing = 0;
		};
/* End PBXFrameworksBuildPhase section */

/* Begin PBXGroup section */
		A893E83A1C69E55D0005DF70 = {
			isa = PBXGroup;
			children = (
				A893E87E1C69E7E10005DF70 /* Feamework */,
				A893E8451C69E55D0005DF70 /* PushNotifications Objective C */,
				A893E8441C69E55D0005DF70 /* Products */,
			);
			sourceTree = "<group>";
		};
		A893E8441C69E55D0005DF70 /* Products */ = {
			isa = PBXGroup;
			children = (
				A893E8431C69E55D0005DF70 /* PushNotifications Objective C.app */,
			);
			name = Products;
			sourceTree = "<group>";
		};
		A893E8451C69E55D0005DF70 /* PushNotifications Objective C */ = {
			isa = PBXGroup;
			children = (
				A893E8491C69E55D0005DF70 /* AppDelegate.h */,
				A893E84A1C69E55D0005DF70 /* AppDelegate.m */,
				A893E84C1C69E55D0005DF70 /* ViewController.h */,
				A893E84D1C69E55D0005DF70 /* ViewController.m */,
				A893E84F1C69E55D0005DF70 /* Main.storyboard */,
				A893E8521C69E55D0005DF70 /* Assets.xcassets */,
				A893E8541C69E55D0005DF70 /* LaunchScreen.storyboard */,
				A893E8571C69E55D0005DF70 /* Info.plist */,
				A893E8461C69E55D0005DF70 /* Supporting Files */,
			);
			path = "PushNotifications Objective C";
			sourceTree = "<group>";
		};
		A893E8461C69E55D0005DF70 /* Supporting Files */ = {
			isa = PBXGroup;
			children = (
				A893E8471C69E55D0005DF70 /* main.m */,
			);
			name = "Supporting Files";
			sourceTree = "<group>";
		};
		A893E85D1C69E5790005DF70 /* parse-library-1.12.0.1 */ = {
			isa = PBXGroup;
			children = (
				A893E85E1C69E5790005DF70 /* Bolts.framework */,
				A893E85F1C69E5790005DF70 /* Parse.framework */,
				A893E8601C69E5790005DF70 /* ParseFacebookUtils.framework */,
				A893E8611C69E5790005DF70 /* ParseFacebookUtilsV4.framework */,
				A893E8621C69E5790005DF70 /* ParseTwitterUtils.framework */,
				A893E8631C69E5790005DF70 /* ParseUI.framework */,
			);
			path = "parse-library-1.12.0.1";
			sourceTree = "<group>";
		};
		A893E87E1C69E7E10005DF70 /* Feamework */ = {
			isa = PBXGroup;
			children = (
				A893E87C1C69E7D60005DF70 /* libsqlite3.0.tbd */,
				A893E87A1C69E7D10005DF70 /* libz.1.1.3.tbd */,
				A893E8781C69E7C50005DF70 /* StoreKit.framework */,
				A893E8761C69E7BF0005DF70 /* Security.framework */,
				A893E8741C69E77D0005DF70 /* QuartzCore.framework */,
				A893E8721C69E7770005DF70 /* CoreLocation.framework */,
				A893E8701C69E76F0005DF70 /* CoreGraphics.framework */,
				A893E86E1C69E7690005DF70 /* CFNetwork.framework */,
				A893E86C1C69E7650005DF70 /* AudioToolbox.framework */,
				A893E86A1C69E65C0005DF70 /* SystemConfiguration.framework */,
				A893E85D1C69E5790005DF70 /* parse-library-1.12.0.1 */,
			);
			name = Feamework;
			sourceTree = "<group>";
		};
/* End PBXGroup section */

/* Begin PBXNativeTarget section */
		A893E8421C69E55D0005DF70 /* PushNotifications Objective C */ = {
			isa = PBXNativeTarget;
			buildConfigurationList = A893E85A1C69E55D0005DF70 /* Build configuration list for PBXNativeTarget "PushNotifications Objective C" */;
			buildPhases = (
				A893E83F1C69E55D0005DF70 /* Sources */,
				A893E8401C69E55D0005DF70 /* Frameworks */,
				A893E8411C69E55D0005DF70 /* Resources */,
			);
			buildRules = (
			);
			dependencies = (
			);
			name = "PushNotifications Objective C";
			productName = "PushNotifications Objective C";
			productReference = A893E8431C69E55D0005DF70 /* PushNotifications Objective C.app */;
			productType = "com.apple.product-type.application";
		};
/* End PBXNativeTarget section */

/* Begin PBXProject section */
		A893E83B1C69E55D0005DF70 /* Project object */ = {
			isa = PBXProject;
			attributes = {
				LastUpgradeCheck = 0720;
				ORGANIZATIONNAME = nichepharma;
				TargetAttributes = {
					A893E8421C69E55D0005DF70 = {
						CreatedOnToolsVersion = 7.2.1;
						DevelopmentTeam = FNW8E77H85;
						SystemCapabilities = {
							com.apple.Push = {
								enabled = 1;
							};
						};
					};
				};
			};
			buildConfigurationList = A893E83E1C69E55D0005DF70 /* Build configuration list for PBXProject "PushNotifications Objective C" */;
			compatibilityVersion = "Xcode 3.2";
			developmentRegion = English;
			hasScannedForEncodings = 0;
			knownRegions = (
				en,
				Base,
			);
			mainGroup = A893E83A1C69E55D0005DF70;
			productRefGroup = A893E8441C69E55D0005DF70 /* Products */;
			projectDirPath = "";
			projectRoot = "";
			targets = (
				A893E8421C69E55D0005DF70 /* PushNotifications Objective C */,
			);
		};
/* End PBXProject section */

/* Begin PBXResourcesBuildPhase section */
		A893E8411C69E55D0005DF70 /* Resources */ = {
			isa = PBXResourcesBuildPhase;
			buildActionMask = 2147483647;
			files = (
				A893E8561C69E55D0005DF70 /* LaunchScreen.storyboard in Resources */,
				A893E8531C69E55D0005DF70 /* Assets.xcassets in Resources */,
				A893E8511C69E55D0005DF70 /* Main.storyboard in Resources */,
			);
			runOnlyForDeploymentPostprocessing = 0;
		};
/* End PBXResourcesBuildPhase section */

/* Begin PBXSourcesBuildPhase section */
		A893E83F1C69E55D0005DF70 /* Sources */ = {
			isa = PBXSourcesBuildPhase;
			buildActionMask = 2147483647;
			files = (
				A893E84E1C69E55D0005DF70 /* ViewController.m in Sources */,
				A893E84B1C69E55D0005DF70 /* AppDelegate.m in Sources */,
				A893E8481C69E55D0005DF70 /* main.m in Sources */,
			);
			runOnlyForDeploymentPostprocessing = 0;
		};
/* End PBXSourcesBuildPhase section */

/* Begin PBXVariantGroup section */
		A893E84F1C69E55D0005DF70 /* Main.storyboard */ = {
			isa = PBXVariantGroup;
			children = (
				A893E8501C69E55D0005DF70 /* Base */,
			);
			name = Main.storyboard;
			sourceTree = "<group>";
		};
		A893E8541C69E55D0005DF70 /* LaunchScreen.storyboard */ = {
			isa = PBXVariantGroup;
			children = (
				A893E8551C69E55D0005DF70 /* Base */,
			);
			name = LaunchScreen.storyboard;
			sourceTree = "<group>";
		};
/* End PBXVariantGroup section */

/* Begin XCBuildConfiguration section */
		A893E8581C69E55D0005DF70 /* Debug */ = {
			isa = XCBuildConfiguration;
			buildSettings = {
				ALWAYS_SEARCH_USER_PATHS = NO;
				CLANG_CXX_LANGUAGE_STANDARD = "gnu++0x";
				CLANG_CXX_LIBRARY = "libc++";
				CLANG_ENABLE_MODULES = YES;
				CLANG_ENABLE_OBJC_ARC = YES;
				CLANG_WARN_BOOL_CONVERSION = YES;
				CLANG_WARN_CONSTANT_CONVERSION = YES;
				CLANG_WARN_DIRECT_OBJC_ISA_USAGE = YES_ERROR;
				CLANG_WARN_EMPTY_BODY = YES;
				CLANG_WARN_ENUM_CONVERSION = YES;
				CLANG_WARN_INT_CONVERSION = YES;
				CLANG_WARN_OBJC_ROOT_CLASS = YES_ERROR;
				CLANG_WARN_UNREACHABLE_CODE = YES;
				CLANG_WARN__DUPLICATE_METHOD_MATCH = YES;
				"CODE_SIGN_IDENTITY[sdk=iphoneos*]" = "iPhone Developer";
				COPY_PHASE_STRIP = NO;
				DEBUG_INFORMATION_FORMAT = dwarf;
				ENABLE_STRICT_OBJC_MSGSEND = YES;
				ENABLE_TESTABILITY = YES;
				GCC_C_LANGUAGE_STANDARD = gnu99;
				GCC_DYNAMIC_NO_PIC = NO;
				GCC_NO_COMMON_BLOCKS = YES;
				GCC_OPTIMIZATION_LEVEL = 0;
				GCC_PREPROCESSOR_DEFINITIONS = (
					"DEBUG=1",
					"$(inherited)",
				);
				GCC_WARN_64_TO_32_BIT_CONVERSION = YES;
				GCC_WARN_ABOUT_RETURN_TYPE = YES_ERROR;
				GCC_WARN_UNDECLARED_SELECTOR = YES;
				GCC_WARN_UNINITIALIZED_AUTOS = YES_AGGRESSIVE;
				GCC_WARN_UNUSED_FUNCTION = YES;
				GCC_WARN_UNUSED_VARIABLE = YES;
				IPHONEOS_DEPLOYMENT_TARGET = 9.2;
				MTL_ENABLE_DEBUG_INFO = YES;
				ONLY_ACTIVE_ARCH = YES;
				SDKROOT = iphoneos;
				TARGETED_DEVICE_FAMILY = "1,2";
			};
			name = Debug;
		};
		A893E8591C69E55D0005DF70 /* Release */ = {
			isa = XCBuildConfiguration;
			buildSettings = {
				ALWAYS_SEARCH_USER_PATHS = NO;
				CLANG_CXX_LANGUAGE_STANDARD = "gnu++0x";
				CLANG_CXX_LIBRARY = "libc++";
				CLANG_ENABLE_MODULES = YES;
				CLANG_ENABLE_OBJC_ARC = YES;
				CLANG_WARN_BOOL_CONVERSION = YES;
				CLANG_WARN_CONSTANT_CONVERSION = YES;
				CLANG_WARN_DIRECT_OBJC_ISA_USAGE = YES_ERROR;
				CLANG_WARN_EMPTY_BODY = YES;
				CLANG_WARN_ENUM_CONVERSION = YES;
				CLANG_WARN_INT_CONVERSION = YES;
				CLANG_WARN_OBJC_ROOT_CLASS = YES_ERROR;
				CLANG_WARN_UNREACHABLE_CODE = YES;
				CLANG_WARN__DUPLICATE_METHOD_MATCH = YES;
				"CODE_SIGN_IDENTITY[sdk=iphoneos*]" = "iPhone Developer";
				COPY_PHASE_STRIP = NO;
				DEBUG_INFORMATION_FORMAT = "dwarf-with-dsym";
				ENABLE_NS_ASSERTIONS = NO;
				ENABLE_STRICT_OBJC_MSGSEND = YES;
				GCC_C_LANGUAGE_STANDARD = gnu99;
				GCC_NO_COMMON_BLOCKS = YES;
				GCC_WARN_64_TO_32_BIT_CONVERSION = YES;
				GCC_WARN_ABOUT_RETURN_TYPE = YES_ERROR;
				GCC_WARN_UNDECLARED_SELECTOR = YES;
				GCC_WARN_UNINITIALIZED_AUTOS = YES_AGGRESSIVE;
				GCC_WARN_UNUSED_FUNCTION = YES;
				GCC_WARN_UNUSED_VARIABLE = YES;
				IPHONEOS_DEPLOYMENT_TARGET = 9.2;
				MTL_ENABLE_DEBUG_INFO = NO;
				SDKROOT = iphoneos;
				TARGETED_DEVICE_FAMILY = "1,2";
				VALIDATE_PRODUCT = YES;
			};
			name = Release;
		};
		A893E85B1C69E55D0005DF70 /* Debug */ = {
			isa = XCBuildConfiguration;
			buildSettings = {
				ASSETCATALOG_COMPILER_APPICON_NAME = AppIcon;
				CODE_SIGN_IDENTITY = "iPhone Developer";
				"CODE_SIGN_IDENTITY[sdk=iphoneos*]" = "iPhone Developer";
				FRAMEWORK_SEARCH_PATHS = (
					"$(inherited)",
					"$(PROJECT_DIR)/parse-library-1.12.0.1",
				);
				INFOPLIST_FILE = "PushNotifications Objective C/Info.plist";
				IPHONEOS_DEPLOYMENT_TARGET = 7.0;
				LD_RUNPATH_SEARCH_PATHS = "$(inherited) @executable_path/Frameworks";
				PRODUCT_BUNDLE_IDENTIFIER = "com.nichepharma.PushNotifications-Objective-C";
				PRODUCT_NAME = "$(TARGET_NAME)";
				PROVISIONING_PROFILE = "";
			};
			name = Debug;
		};
		A893E85C1C69E55D0005DF70 /* Release */ = {
			isa = XCBuildConfiguration;
			buildSettings = {
				ASSETCATALOG_COMPILER_APPICON_NAME = AppIcon;
				CODE_SIGN_IDENTITY = "iPhone Developer";
				"CODE_SIGN_IDENTITY[sdk=iphoneos*]" = "iPhone Developer";
				FRAMEWORK_SEARCH_PATHS = (
					"$(inherited)",
					"$(PROJECT_DIR)/parse-library-1.12.0.1",
				);
				INFOPLIST_FILE = "PushNotifications Objective C/Info.plist";
				IPHONEOS_DEPLOYMENT_TARGET = 7.0;
				LD_RUNPATH_SEARCH_PATHS = "$(inherited) @executable_path/Frameworks";
				PRODUCT_BUNDLE_IDENTIFIER = "com.nichepharma.PushNotifications-Objective-C";
				PRODUCT_NAME = "$(TARGET_NAME)";
				PROVISIONING_PROFILE = "";
			};
			name = Release;
		};
/* End XCBuildConfiguration section */

/* Begin XCConfigurationList section */
		A893E83E1C69E55D0005DF70 /* Build configuration list for PBXProject "PushNotifications Objective C" */ = {
			isa = XCConfigurationList;
			buildConfigurations = (
				A893E8581C69E55D0005DF70 /* Debug */,
				A893E8591C69E55D0005DF70 /* Release */,
			);
			defaultConfigurationIsVisible = 0;
			defaultConfigurationName = Release;
		};
		A893E85A1C69E55D0005DF70 /* Build configuration list for PBXNativeTarget "PushNotifications Objective C" */ = {
			isa = XCConfigurationList;
			buildConfigurations = (
				A893E85B1C69E55D0005DF70 /* Debug */,
				A893E85C1C69E55D0005DF70 /* Release */,
			);
			defaultConfigurationIsVisible = 0;
		};
/* End XCConfigurationList section */
	};
	rootObject = A893E83B1C69E55D0005DF70 /* Project object */;
}
